
Microsoft Visual Studio Solution File, Format Version 12.00
# Visual Studio Version 17
VisualStudioVersion = 17.11.35219.272
MinimumVisualStudioVersion = 10.0.40219.1
Project("{FAE04EC0-301F-11D3-BF4B-00C04F79EFBC}") = "ChargeTechApi", "ChargeTechApi\ChargeTechApi.csproj", "{6A15A806-53AD-488B-92D5-F219C4023F2E}"
EndProject
Global
	GlobalSection(SolutionConfigurationPlatforms) = preSolution
		Debug|Any CPU = Debug|Any CPU
		Release|Any CPU = Release|Any CPU
	EndGlobalSection
	GlobalSection(ProjectConfigurationPlatforms) = postSolution
		{6A15A806-53AD-488B-92D5-F219C4023F2E}.Debug|Any CPU.ActiveCfg = Debug|Any CPU
		{6A15A806-53AD-488B-92D5-F219C4023F2E}.Debug|Any CPU.Build.0 = Debug|Any CPU
		{6A15A806-53AD-488B-92D5-F219C4023F2E}.Release|Any CPU.ActiveCfg = Release|Any CPU
		{6A15A806-53AD-488B-92D5-F219C4023F2E}.Release|Any CPU.Build.0 = Release|Any CPU
	EndGlobalSection
	GlobalSection(SolutionProperties) = preSolution
		HideSolutionNode = FALSE
	EndGlobalSection
	GlobalSection(ExtensibilityGlobals) = postSolution
		SolutionGuid = {B88869D7-ADF6-4BAB-AF7E-304844AB2380}
	EndGlobalSection
EndGlobal
